
Microsoft Visual Studio Solution File, Format Version 12.00
# Visual Studio Version 16
VisualStudioVersion = 16.0.30114.105
MinimumVisualStudioVersion = 10.0.40219.1
Project("{9092AA53-FB77-4645-B42D-1CCCA6BD08BD}") = "HackerRank VS Solutions", "HackerRank VS Solutions\HackerRank VS Solutions.njsproj", "{3CFC8918-02E3-43BF-BAF1-8E226B5A3A77}"
EndProject
Global
	GlobalSection(SolutionConfigurationPlatforms) = preSolution
		Debug|Any CPU = Debug|Any CPU
		Release|Any CPU = Release|Any CPU
	EndGlobalSection
	GlobalSection(ProjectConfigurationPlatforms) = postSolution
		{3CFC8918-02E3-43BF-BAF1-8E226B5A3A77}.Debug|Any CPU.ActiveCfg = Debug|Any CPU
		{3CFC8918-02E3-43BF-BAF1-8E226B5A3A77}.Debug|Any CPU.Build.0 = Debug|Any CPU
		{3CFC8918-02E3-43BF-BAF1-8E226B5A3A77}.Release|Any CPU.ActiveCfg = Release|Any CPU
		{3CFC8918-02E3-43BF-BAF1-8E226B5A3A77}.Release|Any CPU.Build.0 = Release|Any CPU
	EndGlobalSection
	GlobalSection(SolutionProperties) = preSolution
		HideSolutionNode = FALSE
	EndGlobalSection
	GlobalSection(ExtensibilityGlobals) = postSolution
		SolutionGuid = {AB64E956-9B75-4D88-BC7D-E67FC7A0DD17}
	EndGlobalSection
EndGlobal
